
Microsoft Visual Studio Solution File, Format Version 12.00
# Visual Studio Version 17
VisualStudioVersion = 17.9.34701.34
MinimumVisualStudioVersion = 10.0.40219.1
Project("{FAE04EC0-301F-11D3-BF4B-00C04F79EFBC}") = "RestWithAspNet8", "RestWithAspNet8\RestWithAspNet8.csproj", "{56DE1325-A751-4D9F-A434-44BBD68EFB6C}"
EndProject
Global
	GlobalSection(SolutionConfigurationPlatforms) = preSolution
		Debug|Any CPU = Debug|Any CPU
		Release|Any CPU = Release|Any CPU
	EndGlobalSection
	GlobalSection(ProjectConfigurationPlatforms) = postSolution
		{56DE1325-A751-4D9F-A434-44BBD68EFB6C}.Debug|Any CPU.ActiveCfg = Debug|Any CPU
		{56DE1325-A751-4D9F-A434-44BBD68EFB6C}.Debug|Any CPU.Build.0 = Debug|Any CPU
		{56DE1325-A751-4D9F-A434-44BBD68EFB6C}.Release|Any CPU.ActiveCfg = Release|Any CPU
		{56DE1325-A751-4D9F-A434-44BBD68EFB6C}.Release|Any CPU.Build.0 = Release|Any CPU
	EndGlobalSection
	GlobalSection(SolutionProperties) = preSolution
		HideSolutionNode = FALSE
	EndGlobalSection
	GlobalSection(ExtensibilityGlobals) = postSolution
		SolutionGuid = {647C9211-A64B-44D4-ADB5-3446CE62103A}
	EndGlobalSection
EndGlobal
